
Microsoft Visual Studio Solution File, Format Version 12.00
# Visual Studio Version 17
VisualStudioVersion = 17.1.32421.90
MinimumVisualStudioVersion = 10.0.40219.1
Project("{9A19103F-16F7-4668-BE54-9A1E7A4F7556}") = "DfHelper", "DfHelper.csproj", "{A371E14A-A825-40A1-BFB0-1E1A2DFEE901}"
EndProject
Project("{FAE04EC0-301F-11D3-BF4B-00C04F79EFBC}") = "DfHelper.Grpc", "..\DfHelper.Grpc\DfHelper.Grpc.csproj", "{28709B97-6194-48DD-8BE8-3EEC32420FF0}"
EndProject
Global
	GlobalSection(SolutionConfigurationPlatforms) = preSolution
		Debug|Any CPU = Debug|Any CPU
		Release|Any CPU = Release|Any CPU
	EndGlobalSection
	GlobalSection(ProjectConfigurationPlatforms) = postSolution
		{A371E14A-A825-40A1-BFB0-1E1A2DFEE901}.Debug|Any CPU.ActiveCfg = Debug|Any CPU
		{A371E14A-A825-40A1-BFB0-1E1A2DFEE901}.Debug|Any CPU.Build.0 = Debug|Any CPU
		{A371E14A-A825-40A1-BFB0-1E1A2DFEE901}.Release|Any CPU.ActiveCfg = Release|Any CPU
		{A371E14A-A825-40A1-BFB0-1E1A2DFEE901}.Release|Any CPU.Build.0 = Release|Any CPU
		{28709B97-6194-48DD-8BE8-3EEC32420FF0}.Debug|Any CPU.ActiveCfg = Debug|Any CPU
		{28709B97-6194-48DD-8BE8-3EEC32420FF0}.Debug|Any CPU.Build.0 = Debug|Any CPU
		{28709B97-6194-48DD-8BE8-3EEC32420FF0}.Release|Any CPU.ActiveCfg = Release|Any CPU
		{28709B97-6194-48DD-8BE8-3EEC32420FF0}.Release|Any CPU.Build.0 = Release|Any CPU
	EndGlobalSection
	GlobalSection(SolutionProperties) = preSolution
		HideSolutionNode = FALSE
	EndGlobalSection
	GlobalSection(ExtensibilityGlobals) = postSolution
		SolutionGuid = {41D6E570-B958-424C-8AE1-BC014205C2E2}
	EndGlobalSection
EndGlobal
